
Microsoft Visual Studio Solution File, Format Version 12.00
# Visual Studio Version 17
VisualStudioVersion = 17.0.32014.148
MinimumVisualStudioVersion = 10.0.40219.1
Project("{FAE04EC0-301F-11D3-BF4B-00C04F79EFBC}") = "SDA", "SDA.csproj", "{D0E4C13C-76B1-4619-B587-7AC7D59A81A5}"
EndProject
Global
	GlobalSection(SolutionConfigurationPlatforms) = preSolution
		Debug|Any CPU = Debug|Any CPU
		Release|Any CPU = Release|Any CPU
	EndGlobalSection
	GlobalSection(ProjectConfigurationPlatforms) = postSolution
		{D0E4C13C-76B1-4619-B587-7AC7D59A81A5}.Debug|Any CPU.ActiveCfg = Debug|Any CPU
		{D0E4C13C-76B1-4619-B587-7AC7D59A81A5}.Debug|Any CPU.Build.0 = Debug|Any CPU
		{D0E4C13C-76B1-4619-B587-7AC7D59A81A5}.Release|Any CPU.ActiveCfg = Release|Any CPU
		{D0E4C13C-76B1-4619-B587-7AC7D59A81A5}.Release|Any CPU.Build.0 = Release|Any CPU
	EndGlobalSection
	GlobalSection(SolutionProperties) = preSolution
		HideSolutionNode = FALSE
	EndGlobalSection
	GlobalSection(ExtensibilityGlobals) = postSolution
		SolutionGuid = {812BADE8-33A6-4113-B24D-93FD6500DF6B}
	EndGlobalSection
EndGlobal
